
Microsoft Visual Studio Solution File, Format Version 12.00
# Visual Studio Version 17
VisualStudioVersion = 17.6.33417.168
MinimumVisualStudioVersion = 10.0.40219.1
Project("{9A19103F-16F7-4668-BE54-9A1E7A4F7556}") = "StartFMS.Models", "StartFMS.Models\StartFMS.Models.csproj", "{87797B7D-FD20-44AA-B832-C2EB5BA5F6F6}"
EndProject
Project("{9A19103F-16F7-4668-BE54-9A1E7A4F7556}") = "StartFMS.Partner.API", "StartFMS.Partner.API\StartFMS.Partner.API.csproj", "{E57C08B2-5B69-4C21-8343-A6082AE86DD1}"
EndProject
Project("{2150E333-8FDC-42A3-9474-1A3956D46DE8}") = "Core", "Core", "{046F199D-B227-47C0-AABA-02602EC60C09}"
EndProject
Project("{2150E333-8FDC-42A3-9474-1A3956D46DE8}") = "ApiService", "ApiService", "{0EB3B17D-202C-47FE-ACCD-7973965AA179}"
EndProject
Project("{FAE04EC0-301F-11D3-BF4B-00C04F79EFBC}") = "StartFMS.EF", "StartFMS.EF\StartFMS.EF.csproj", "{855FEFAA-2E7D-490F-9AAA-80E3AB6983DB}"
EndProject
Global
	GlobalSection(SolutionConfigurationPlatforms) = preSolution
		Debug|Any CPU = Debug|Any CPU
		Release|Any CPU = Release|Any CPU
	EndGlobalSection
	GlobalSection(ProjectConfigurationPlatforms) = postSolution
		{87797B7D-FD20-44AA-B832-C2EB5BA5F6F6}.Debug|Any CPU.ActiveCfg = Debug|Any CPU
		{87797B7D-FD20-44AA-B832-C2EB5BA5F6F6}.Debug|Any CPU.Build.0 = Debug|Any CPU
		{87797B7D-FD20-44AA-B832-C2EB5BA5F6F6}.Release|Any CPU.ActiveCfg = Release|Any CPU
		{87797B7D-FD20-44AA-B832-C2EB5BA5F6F6}.Release|Any CPU.Build.0 = Release|Any CPU
		{E57C08B2-5B69-4C21-8343-A6082AE86DD1}.Debug|Any CPU.ActiveCfg = Debug|Any CPU
		{E57C08B2-5B69-4C21-8343-A6082AE86DD1}.Debug|Any CPU.Build.0 = Debug|Any CPU
		{E57C08B2-5B69-4C21-8343-A6082AE86DD1}.Release|Any CPU.ActiveCfg = Release|Any CPU
		{E57C08B2-5B69-4C21-8343-A6082AE86DD1}.Release|Any CPU.Build.0 = Release|Any CPU
		{855FEFAA-2E7D-490F-9AAA-80E3AB6983DB}.Debug|Any CPU.ActiveCfg = Debug|Any CPU
		{855FEFAA-2E7D-490F-9AAA-80E3AB6983DB}.Debug|Any CPU.Build.0 = Debug|Any CPU
		{855FEFAA-2E7D-490F-9AAA-80E3AB6983DB}.Release|Any CPU.ActiveCfg = Release|Any CPU
		{855FEFAA-2E7D-490F-9AAA-80E3AB6983DB}.Release|Any CPU.Build.0 = Release|Any CPU
	EndGlobalSection
	GlobalSection(SolutionProperties) = preSolution
		HideSolutionNode = FALSE
	EndGlobalSection
	GlobalSection(NestedProjects) = preSolution
		{87797B7D-FD20-44AA-B832-C2EB5BA5F6F6} = {046F199D-B227-47C0-AABA-02602EC60C09}
		{E57C08B2-5B69-4C21-8343-A6082AE86DD1} = {0EB3B17D-202C-47FE-ACCD-7973965AA179}
		{855FEFAA-2E7D-490F-9AAA-80E3AB6983DB} = {046F199D-B227-47C0-AABA-02602EC60C09}
	EndGlobalSection
	GlobalSection(ExtensibilityGlobals) = postSolution
		SolutionGuid = {78CF27FF-480E-4A61-BFDF-F26E23579625}
	EndGlobalSection
EndGlobal
